// !$*UTF8*$!
{
	archiveVersion = 1;
	classes = {
	};
	objectVersion = 55;
	objects = {

/* Begin PBXBuildFile section */
		841CE6B427DC8B920079BC2C /* LogInViewController.swift in Sources */ = {isa = PBXBuildFile; fileRef = 841CE6B327DC8B920079BC2C /* LogInViewController.swift */; };
		841CE6B827DC940F0079BC2C /* LogInHeaderView.swift in Sources */ = {isa = PBXBuildFile; fileRef = 841CE6B727DC940F0079BC2C /* LogInHeaderView.swift */; };
		841CE6BD27DD1AC70079BC2C /* Extensions.swift in Sources */ = {isa = PBXBuildFile; fileRef = 841CE6BC27DD1AC70079BC2C /* Extensions.swift */; };
		8430C48627B67AE300333D1E /* InfoViewController.swift in Sources */ = {isa = PBXBuildFile; fileRef = 8430C48527B67AE300333D1E /* InfoViewController.swift */; };
		84396CFF27B8E11600CDBCE3 /* ProfileHeaderView.swift in Sources */ = {isa = PBXBuildFile; fileRef = 84396CFE27B8E11600CDBCE3 /* ProfileHeaderView.swift */; };
		8461432427E371AA00254AF2 /* PhotosViewController.swift in Sources */ = {isa = PBXBuildFile; fileRef = 8461432327E371AA00254AF2 /* PhotosViewController.swift */; };
		8461432627E3729600254AF2 /* CustomCollectionViewCell.swift in Sources */ = {isa = PBXBuildFile; fileRef = 8461432527E3729600254AF2 /* CustomCollectionViewCell.swift */; };
		84C2080227B6555D0055A909 /* AppDelegate.swift in Sources */ = {isa = PBXBuildFile; fileRef = 84C2080127B6555D0055A909 /* AppDelegate.swift */; };
		84C2080427B6555D0055A909 /* SceneDelegate.swift in Sources */ = {isa = PBXBuildFile; fileRef = 84C2080327B6555D0055A909 /* SceneDelegate.swift */; };
		84C2080B27B6555E0055A909 /* Assets.xcassets in Resources */ = {isa = PBXBuildFile; fileRef = 84C2080A27B6555E0055A909 /* Assets.xcassets */; };
		84C2080E27B6555E0055A909 /* LaunchScreen.storyboard in Resources */ = {isa = PBXBuildFile; fileRef = 84C2080C27B6555E0055A909 /* LaunchScreen.storyboard */; };
		84C2081627B65A390055A909 /* TabBarController.swift in Sources */ = {isa = PBXBuildFile; fileRef = 84C2081527B65A390055A909 /* TabBarController.swift */; };
		84C2081827B65AA70055A909 /* FeedViewController.swift in Sources */ = {isa = PBXBuildFile; fileRef = 84C2081727B65AA70055A909 /* FeedViewController.swift */; };
		84C2081A27B65B560055A909 /* ProfileViewController.swift in Sources */ = {isa = PBXBuildFile; fileRef = 84C2081927B65B560055A909 /* ProfileViewController.swift */; };
		84C2081C27B66ED80055A909 /* PostViewController.swift in Sources */ = {isa = PBXBuildFile; fileRef = 84C2081B27B66ED80055A909 /* PostViewController.swift */; };
		84EDD91B27DDC7230007D4DF /* DynamicArticleTableViewCell.swift in Sources */ = {isa = PBXBuildFile; fileRef = 84EDD91A27DDC7230007D4DF /* DynamicArticleTableViewCell.swift */; };
		84EDD91D27DDC76C0007D4DF /* Protocols.swift in Sources */ = {isa = PBXBuildFile; fileRef = 84EDD91C27DDC76C0007D4DF /* Protocols.swift */; };
		84EDD91F27DDEAED0007D4DF /* Data.swift in Sources */ = {isa = PBXBuildFile; fileRef = 84EDD91E27DDEAED0007D4DF /* Data.swift */; };
		84F8205227E303E800C588FC /* PhotosTableViewSection.swift in Sources */ = {isa = PBXBuildFile; fileRef = 84F8205127E303E800C588FC /* PhotosTableViewSection.swift */; };
/* End PBXBuildFile section */

/* Begin PBXFileReference section */
		841CE6B327DC8B920079BC2C /* LogInViewController.swift */ = {isa = PBXFileReference; lastKnownFileType = sourcecode.swift; path = LogInViewController.swift; sourceTree = "<group>"; };
		841CE6B727DC940F0079BC2C /* LogInHeaderView.swift */ = {isa = PBXFileReference; lastKnownFileType = sourcecode.swift; path = LogInHeaderView.swift; sourceTree = "<group>"; };
		841CE6BC27DD1AC70079BC2C /* Extensions.swift */ = {isa = PBXFileReference; lastKnownFileType = sourcecode.swift; path = Extensions.swift; sourceTree = "<group>"; };
		8430C48527B67AE300333D1E /* InfoViewController.swift */ = {isa = PBXFileReference; lastKnownFileType = sourcecode.swift; path = InfoViewController.swift; sourceTree = "<group>"; };
		84396CFE27B8E11600CDBCE3 /* ProfileHeaderView.swift */ = {isa = PBXFileReference; lastKnownFileType = sourcecode.swift; path = ProfileHeaderView.swift; sourceTree = "<group>"; };
		8461432327E371AA00254AF2 /* PhotosViewController.swift */ = {isa = PBXFileReference; lastKnownFileType = sourcecode.swift; path = PhotosViewController.swift; sourceTree = "<group>"; };
		8461432527E3729600254AF2 /* CustomCollectionViewCell.swift */ = {isa = PBXFileReference; lastKnownFileType = sourcecode.swift; path = CustomCollectionViewCell.swift; sourceTree = "<group>"; };
		84C207FE27B6555D0055A909 /* navigation.app */ = {isa = PBXFileReference; explicitFileType = wrapper.application; includeInIndex = 0; path = navigation.app; sourceTree = BUILT_PRODUCTS_DIR; };
		84C2080127B6555D0055A909 /* AppDelegate.swift */ = {isa = PBXFileReference; lastKnownFileType = sourcecode.swift; path = AppDelegate.swift; sourceTree = "<group>"; };
		84C2080327B6555D0055A909 /* SceneDelegate.swift */ = {isa = PBXFileReference; lastKnownFileType = sourcecode.swift; path = SceneDelegate.swift; sourceTree = "<group>"; };
		84C2080A27B6555E0055A909 /* Assets.xcassets */ = {isa = PBXFileReference; lastKnownFileType = folder.assetcatalog; path = Assets.xcassets; sourceTree = "<group>"; };
		84C2080D27B6555E0055A909 /* Base */ = {isa = PBXFileReference; lastKnownFileType = file.storyboard; name = Base; path = Base.lproj/LaunchScreen.storyboard; sourceTree = "<group>"; };
		84C2080F27B6555E0055A909 /* Info.plist */ = {isa = PBXFileReference; lastKnownFileType = text.plist.xml; path = Info.plist; sourceTree = "<group>"; };
		84C2081527B65A390055A909 /* TabBarController.swift */ = {isa = PBXFileReference; lastKnownFileType = sourcecode.swift; path = TabBarController.swift; sourceTree = "<group>"; };
		84C2081727B65AA70055A909 /* FeedViewController.swift */ = {isa = PBXFileReference; lastKnownFileType = sourcecode.swift; path = FeedViewController.swift; sourceTree = "<group>"; };
		84C2081927B65B560055A909 /* ProfileViewController.swift */ = {isa = PBXFileReference; lastKnownFileType = sourcecode.swift; path = ProfileViewController.swift; sourceTree = "<group>"; };
		84C2081B27B66ED80055A909 /* PostViewController.swift */ = {isa = PBXFileReference; lastKnownFileType = sourcecode.swift; path = PostViewController.swift; sourceTree = "<group>"; };
		84EDD91A27DDC7230007D4DF /* DynamicArticleTableViewCell.swift */ = {isa = PBXFileReference; lastKnownFileType = sourcecode.swift; path = DynamicArticleTableViewCell.swift; sourceTree = "<group>"; };
		84EDD91C27DDC76C0007D4DF /* Protocols.swift */ = {isa = PBXFileReference; lastKnownFileType = sourcecode.swift; path = Protocols.swift; sourceTree = "<group>"; };
		84EDD91E27DDEAED0007D4DF /* Data.swift */ = {isa = PBXFileReference; lastKnownFileType = sourcecode.swift; path = Data.swift; sourceTree = "<group>"; };
		84F8205127E303E800C588FC /* PhotosTableViewSection.swift */ = {isa = PBXFileReference; lastKnownFileType = sourcecode.swift; path = PhotosTableViewSection.swift; sourceTree = "<group>"; };
/* End PBXFileReference section */

/* Begin PBXFrameworksBuildPhase section */
		84C207FB27B6555D0055A909 /* Frameworks */ = {
			isa = PBXFrameworksBuildPhase;
			buildActionMask = 2147483647;
			files = (
			);
			runOnlyForDeploymentPostprocessing = 0;
		};
/* End PBXFrameworksBuildPhase section */

/* Begin PBXGroup section */
		84396CFD27B8E06400CDBCE3 /* Profile */ = {
			isa = PBXGroup;
			children = (
				84C2081927B65B560055A909 /* ProfileViewController.swift */,
				841CE6B327DC8B920079BC2C /* LogInViewController.swift */,
				8461432327E371AA00254AF2 /* PhotosViewController.swift */,
				84396CFE27B8E11600CDBCE3 /* ProfileHeaderView.swift */,
				84F8205127E303E800C588FC /* PhotosTableViewSection.swift */,
				8461432527E3729600254AF2 /* CustomCollectionViewCell.swift */,
				841CE6B727DC940F0079BC2C /* LogInHeaderView.swift */,
				84EDD91A27DDC7230007D4DF /* DynamicArticleTableViewCell.swift */,
			);
			path = Profile;
			sourceTree = "<group>";
		};
		84C207F527B6555D0055A909 = {
			isa = PBXGroup;
			children = (
				84C2080027B6555D0055A909 /* navigation */,
				84C207FF27B6555D0055A909 /* Products */,
			);
			sourceTree = "<group>";
		};
		84C207FF27B6555D0055A909 /* Products */ = {
			isa = PBXGroup;
			children = (
				84C207FE27B6555D0055A909 /* navigation.app */,
			);
			name = Products;
			sourceTree = "<group>";
		};
		84C2080027B6555D0055A909 /* navigation */ = {
			isa = PBXGroup;
			children = (
				84C2080127B6555D0055A909 /* AppDelegate.swift */,
				84C2080327B6555D0055A909 /* SceneDelegate.swift */,
				84C2081527B65A390055A909 /* TabBarController.swift */,
				84C2081727B65AA70055A909 /* FeedViewController.swift */,
				84C2081B27B66ED80055A909 /* PostViewController.swift */,
				8430C48527B67AE300333D1E /* InfoViewController.swift */,
				84EDD91C27DDC76C0007D4DF /* Protocols.swift */,
				841CE6BC27DD1AC70079BC2C /* Extensions.swift */,
				84EDD91E27DDEAED0007D4DF /* Data.swift */,
				84396CFD27B8E06400CDBCE3 /* Profile */,
				84C2080A27B6555E0055A909 /* Assets.xcassets */,
				84C2080C27B6555E0055A909 /* LaunchScreen.storyboard */,
				84C2080F27B6555E0055A909 /* Info.plist */,
			);
			path = navigation;
			sourceTree = "<group>";
		};
/* End PBXGroup section */

/* Begin PBXNativeTarget section */
		84C207FD27B6555D0055A909 /* navigation */ = {
			isa = PBXNativeTarget;
			buildConfigurationList = 84C2081227B6555E0055A909 /* Build configuration list for PBXNativeTarget "navigation" */;
			buildPhases = (
				84C207FA27B6555D0055A909 /* Sources */,
				84C207FB27B6555D0055A909 /* Frameworks */,
				84C207FC27B6555D0055A909 /* Resources */,
			);
			buildRules = (
			);
			dependencies = (
			);
			name = navigation;
			productName = navigation;
			productReference = 84C207FE27B6555D0055A909 /* navigation.app */;
			productType = "com.apple.product-type.application";
		};
/* End PBXNativeTarget section */

/* Begin PBXProject section */
		84C207F627B6555D0055A909 /* Project object */ = {
			isa = PBXProject;
			attributes = {
				BuildIndependentTargetsInParallel = 1;
				LastSwiftUpdateCheck = 1310;
				LastUpgradeCheck = 1310;
				TargetAttributes = {
					84C207FD27B6555D0055A909 = {
						CreatedOnToolsVersion = 13.1;
					};
				};
			};
			buildConfigurationList = 84C207F927B6555D0055A909 /* Build configuration list for PBXProject "navigation" */;
			compatibilityVersion = "Xcode 13.0";
			developmentRegion = en;
			hasScannedForEncodings = 0;
			knownRegions = (
				en,
				Base,
			);
			mainGroup = 84C207F527B6555D0055A909;
			productRefGroup = 84C207FF27B6555D0055A909 /* Products */;
			projectDirPath = "";
			projectRoot = "";
			targets = (
				84C207FD27B6555D0055A909 /* navigation */,
			);
		};
/* End PBXProject section */

/* Begin PBXResourcesBuildPhase section */
		84C207FC27B6555D0055A909 /* Resources */ = {
			isa = PBXResourcesBuildPhase;
			buildActionMask = 2147483647;
			files = (
				84C2080E27B6555E0055A909 /* LaunchScreen.storyboard in Resources */,
				84C2080B27B6555E0055A909 /* Assets.xcassets in Resources */,
			);
			runOnlyForDeploymentPostprocessing = 0;
		};
/* End PBXResourcesBuildPhase section */

/* Begin PBXSourcesBuildPhase section */
		84C207FA27B6555D0055A909 /* Sources */ = {
			isa = PBXSourcesBuildPhase;
			buildActionMask = 2147483647;
			files = (
				84F8205227E303E800C588FC /* PhotosTableViewSection.swift in Sources */,
				8461432427E371AA00254AF2 /* PhotosViewController.swift in Sources */,
				84EDD91B27DDC7230007D4DF /* DynamicArticleTableViewCell.swift in Sources */,
				841CE6B827DC940F0079BC2C /* LogInHeaderView.swift in Sources */,
				84C2081C27B66ED80055A909 /* PostViewController.swift in Sources */,
				84C2081627B65A390055A909 /* TabBarController.swift in Sources */,
				841CE6B427DC8B920079BC2C /* LogInViewController.swift in Sources */,
				84C2080227B6555D0055A909 /* AppDelegate.swift in Sources */,
				8461432627E3729600254AF2 /* CustomCollectionViewCell.swift in Sources */,
				8430C48627B67AE300333D1E /* InfoViewController.swift in Sources */,
				84EDD91F27DDEAED0007D4DF /* Data.swift in Sources */,
				84C2081A27B65B560055A909 /* ProfileViewController.swift in Sources */,
				84C2081827B65AA70055A909 /* FeedViewController.swift in Sources */,
				84EDD91D27DDC76C0007D4DF /* Protocols.swift in Sources */,
				84C2080427B6555D0055A909 /* SceneDelegate.swift in Sources */,
				841CE6BD27DD1AC70079BC2C /* Extensions.swift in Sources */,
				84396CFF27B8E11600CDBCE3 /* ProfileHeaderView.swift in Sources */,
			);
			runOnlyForDeploymentPostprocessing = 0;
		};
/* End PBXSourcesBuildPhase section */

/* Begin PBXVariantGroup section */
		84C2080C27B6555E0055A909 /* LaunchScreen.storyboard */ = {
			isa = PBXVariantGroup;
			children = (
				84C2080D27B6555E0055A909 /* Base */,
			);
			name = LaunchScreen.storyboard;
			sourceTree = "<group>";
		};
/* End PBXVariantGroup section */

/* Begin XCBuildConfiguration section */
		84C2081027B6555E0055A909 /* Debug */ = {
			isa = XCBuildConfiguration;
			buildSettings = {
				ALWAYS_SEARCH_USER_PATHS = NO;
				CLANG_ANALYZER_NONNULL = YES;
				CLANG_ANALYZER_NUMBER_OBJECT_CONVERSION = YES_AGGRESSIVE;
				CLANG_CXX_LANGUAGE_STANDARD = "gnu++17";
				CLANG_CXX_LIBRARY = "libc++";
				CLANG_ENABLE_MODULES = YES;
				CLANG_ENABLE_OBJC_ARC = YES;
				CLANG_ENABLE_OBJC_WEAK = YES;
				CLANG_WARN_BLOCK_CAPTURE_AUTORELEASING = YES;
				CLANG_WARN_BOOL_CONVERSION = YES;
				CLANG_WARN_COMMA = YES;
				CLANG_WARN_CONSTANT_CONVERSION = YES;
				CLANG_WARN_DEPRECATED_OBJC_IMPLEMENTATIONS = YES;
				CLANG_WARN_DIRECT_OBJC_ISA_USAGE = YES_ERROR;
				CLANG_WARN_DOCUMENTATION_COMMENTS = YES;
				CLANG_WARN_EMPTY_BODY = YES;
				CLANG_WARN_ENUM_CONVERSION = YES;
				CLANG_WARN_INFINITE_RECURSION = YES;
				CLANG_WARN_INT_CONVERSION = YES;
				CLANG_WARN_NON_LITERAL_NULL_CONVERSION = YES;
				CLANG_WARN_OBJC_IMPLICIT_RETAIN_SELF = YES;
				CLANG_WARN_OBJC_LITERAL_CONVERSION = YES;
				CLANG_WARN_OBJC_ROOT_CLASS = YES_ERROR;
				CLANG_WARN_QUOTED_INCLUDE_IN_FRAMEWORK_HEADER = YES;
				CLANG_WARN_RANGE_LOOP_ANALYSIS = YES;
				CLANG_WARN_STRICT_PROTOTYPES = YES;
				CLANG_WARN_SUSPICIOUS_MOVE = YES;
				CLANG_WARN_UNGUARDED_AVAILABILITY = YES_AGGRESSIVE;
				CLANG_WARN_UNREACHABLE_CODE = YES;
				CLANG_WARN__DUPLICATE_METHOD_MATCH = YES;
				COPY_PHASE_STRIP = NO;
				DEBUG_INFORMATION_FORMAT = dwarf;
				ENABLE_STRICT_OBJC_MSGSEND = YES;
				ENABLE_TESTABILITY = YES;
				GCC_C_LANGUAGE_STANDARD = gnu11;
				GCC_DYNAMIC_NO_PIC = NO;
				GCC_NO_COMMON_BLOCKS = YES;
				GCC_OPTIMIZATION_LEVEL = 0;
				GCC_PREPROCESSOR_DEFINITIONS = (
					"DEBUG=1",
					"$(inherited)",
				);
				GCC_WARN_64_TO_32_BIT_CONVERSION = YES;
				GCC_WARN_ABOUT_RETURN_TYPE = YES_ERROR;
				GCC_WARN_UNDECLARED_SELECTOR = YES;
				GCC_WARN_UNINITIALIZED_AUTOS = YES_AGGRESSIVE;
				GCC_WARN_UNUSED_FUNCTION = YES;
				GCC_WARN_UNUSED_VARIABLE = YES;
				IPHONEOS_DEPLOYMENT_TARGET = 15.0;
				MTL_ENABLE_DEBUG_INFO = INCLUDE_SOURCE;
				MTL_FAST_MATH = YES;
				ONLY_ACTIVE_ARCH = YES;
				SDKROOT = iphoneos;
				SWIFT_ACTIVE_COMPILATION_CONDITIONS = DEBUG;
				SWIFT_OPTIMIZATION_LEVEL = "-Onone";
			};
			name = Debug;
		};
		84C2081127B6555E0055A909 /* Release */ = {
			isa = XCBuildConfiguration;
			buildSettings = {
				ALWAYS_SEARCH_USER_PATHS = NO;
				CLANG_ANALYZER_NONNULL = YES;
				CLANG_ANALYZER_NUMBER_OBJECT_CONVERSION = YES_AGGRESSIVE;
				CLANG_CXX_LANGUAGE_STANDARD = "gnu++17";
				CLANG_CXX_LIBRARY = "libc++";
				CLANG_ENABLE_MODULES = YES;
				CLANG_ENABLE_OBJC_ARC = YES;
				CLANG_ENABLE_OBJC_WEAK = YES;
				CLANG_WARN_BLOCK_CAPTURE_AUTORELEASING = YES;
				CLANG_WARN_BOOL_CONVERSION = YES;
				CLANG_WARN_COMMA = YES;
				CLANG_WARN_CONSTANT_CONVERSION = YES;
				CLANG_WARN_DEPRECATED_OBJC_IMPLEMENTATIONS = YES;
				CLANG_WARN_DIRECT_OBJC_ISA_USAGE = YES_ERROR;
				CLANG_WARN_DOCUMENTATION_COMMENTS = YES;
				CLANG_WARN_EMPTY_BODY = YES;
				CLANG_WARN_ENUM_CONVERSION = YES;
				CLANG_WARN_INFINITE_RECURSION = YES;
				CLANG_WARN_INT_CONVERSION = YES;
				CLANG_WARN_NON_LITERAL_NULL_CONVERSION = YES;
				CLANG_WARN_OBJC_IMPLICIT_RETAIN_SELF = YES;
				CLANG_WARN_OBJC_LITERAL_CONVERSION = YES;
				CLANG_WARN_OBJC_ROOT_CLASS = YES_ERROR;
				CLANG_WARN_QUOTED_INCLUDE_IN_FRAMEWORK_HEADER = YES;
				CLANG_WARN_RANGE_LOOP_ANALYSIS = YES;
				CLANG_WARN_STRICT_PROTOTYPES = YES;
				CLANG_WARN_SUSPICIOUS_MOVE = YES;
				CLANG_WARN_UNGUARDED_AVAILABILITY = YES_AGGRESSIVE;
				CLANG_WARN_UNREACHABLE_CODE = YES;
				CLANG_WARN__DUPLICATE_METHOD_MATCH = YES;
				COPY_PHASE_STRIP = NO;
				DEBUG_INFORMATION_FORMAT = "dwarf-with-dsym";
				ENABLE_NS_ASSERTIONS = NO;
				ENABLE_STRICT_OBJC_MSGSEND = YES;
				GCC_C_LANGUAGE_STANDARD = gnu11;
				GCC_NO_COMMON_BLOCKS = YES;
				GCC_WARN_64_TO_32_BIT_CONVERSION = YES;
				GCC_WARN_ABOUT_RETURN_TYPE = YES_ERROR;
				GCC_WARN_UNDECLARED_SELECTOR = YES;
				GCC_WARN_UNINITIALIZED_AUTOS = YES_AGGRESSIVE;
				GCC_WARN_UNUSED_FUNCTION = YES;
				GCC_WARN_UNUSED_VARIABLE = YES;
				IPHONEOS_DEPLOYMENT_TARGET = 15.0;
				MTL_ENABLE_DEBUG_INFO = NO;
				MTL_FAST_MATH = YES;
				SDKROOT = iphoneos;
				SWIFT_COMPILATION_MODE = wholemodule;
				SWIFT_OPTIMIZATION_LEVEL = "-O";
				VALIDATE_PRODUCT = YES;
			};
			name = Release;
		};
		84C2081327B6555E0055A909 /* Debug */ = {
			isa = XCBuildConfiguration;
			buildSettings = {
				ASSETCATALOG_COMPILER_APPICON_NAME = AppIcon;
				ASSETCATALOG_COMPILER_GLOBAL_ACCENT_COLOR_NAME = AccentColor;
				CODE_SIGN_STYLE = Automatic;
				CURRENT_PROJECT_VERSION = 1;
				DEVELOPMENT_TEAM = RCTAAMGQP5;
				GENERATE_INFOPLIST_FILE = YES;
				INFOPLIST_FILE = navigation/Info.plist;
				INFOPLIST_KEY_UIApplicationSupportsIndirectInputEvents = YES;
				INFOPLIST_KEY_UILaunchStoryboardName = LaunchScreen;
				INFOPLIST_KEY_UISupportedInterfaceOrientations_iPad = "UIInterfaceOrientationPortrait UIInterfaceOrientationPortraitUpsideDown UIInterfaceOrientationLandscapeLeft UIInterfaceOrientationLandscapeRight";
				INFOPLIST_KEY_UISupportedInterfaceOrientations_iPhone = "UIInterfaceOrientationPortrait UIInterfaceOrientationLandscapeLeft UIInterfaceOrientationLandscapeRight";
				LD_RUNPATH_SEARCH_PATHS = (
					"$(inherited)",
					"@executable_path/Frameworks",
				);
				MARKETING_VERSION = 1.0;
				PRODUCT_BUNDLE_IDENTIFIER = com.favorite.navigation;
				PRODUCT_NAME = "$(TARGET_NAME)";
				SWIFT_EMIT_LOC_STRINGS = YES;
				SWIFT_VERSION = 5.0;
				TARGETED_DEVICE_FAMILY = "1,2";
			};
			name = Debug;
		};
		84C2081427B6555E0055A909 /* Release */ = {
			isa = XCBuildConfiguration;
			buildSettings = {
				ASSETCATALOG_COMPILER_APPICON_NAME = AppIcon;
				ASSETCATALOG_COMPILER_GLOBAL_ACCENT_COLOR_NAME = AccentColor;
				CODE_SIGN_STYLE = Automatic;
				CURRENT_PROJECT_VERSION = 1;
				DEVELOPMENT_TEAM = RCTAAMGQP5;
				GENERATE_INFOPLIST_FILE = YES;
				INFOPLIST_FILE = navigation/Info.plist;
				INFOPLIST_KEY_UIApplicationSupportsIndirectInputEvents = YES;
				INFOPLIST_KEY_UILaunchStoryboardName = LaunchScreen;
				INFOPLIST_KEY_UISupportedInterfaceOrientations_iPad = "UIInterfaceOrientationPortrait UIInterfaceOrientationPortraitUpsideDown UIInterfaceOrientationLandscapeLeft UIInterfaceOrientationLandscapeRight";
				INFOPLIST_KEY_UISupportedInterfaceOrientations_iPhone = "UIInterfaceOrientationPortrait UIInterfaceOrientationLandscapeLeft UIInterfaceOrientationLandscapeRight";
				LD_RUNPATH_SEARCH_PATHS = (
					"$(inherited)",
					"@executable_path/Frameworks",
				);
				MARKETING_VERSION = 1.0;
				PRODUCT_BUNDLE_IDENTIFIER = com.favorite.navigation;
				PRODUCT_NAME = "$(TARGET_NAME)";
				SWIFT_EMIT_LOC_STRINGS = YES;
				SWIFT_VERSION = 5.0;
				TARGETED_DEVICE_FAMILY = "1,2";
			};
			name = Release;
		};
/* End XCBuildConfiguration section */

/* Begin XCConfigurationList section */
		84C207F927B6555D0055A909 /* Build configuration list for PBXProject "navigation" */ = {
			isa = XCConfigurationList;
			buildConfigurations = (
				84C2081027B6555E0055A909 /* Debug */,
				84C2081127B6555E0055A909 /* Release */,
			);
			defaultConfigurationIsVisible = 0;
			defaultConfigurationName = Release;
		};
		84C2081227B6555E0055A909 /* Build configuration list for PBXNativeTarget "navigation" */ = {
			isa = XCConfigurationList;
			buildConfigurations = (
				84C2081327B6555E0055A909 /* Debug */,
				84C2081427B6555E0055A909 /* Release */,
			);
			defaultConfigurationIsVisible = 0;
			defaultConfigurationName = Release;
		};
/* End XCConfigurationList section */
	};
	rootObject = 84C207F627B6555D0055A909 /* Project object */;
}
